
Microsoft Visual Studio Solution File, Format Version 12.00
# Visual Studio Version 17
VisualStudioVersion = 17.7.34031.279
MinimumVisualStudioVersion = 10.0.40219.1
Project("{FAE04EC0-301F-11D3-BF4B-00C04F79EFBC}") = "Builderz", "Builderz.csproj", "{979BF909-2190-4B4F-86C1-FFADDDB921AA}"
EndProject
Global
	GlobalSection(SolutionConfigurationPlatforms) = preSolution
		Debug|Any CPU = Debug|Any CPU
		Release|Any CPU = Release|Any CPU
	EndGlobalSection
	GlobalSection(ProjectConfigurationPlatforms) = postSolution
		{979BF909-2190-4B4F-86C1-FFADDDB921AA}.Debug|Any CPU.ActiveCfg = Debug|Any CPU
		{979BF909-2190-4B4F-86C1-FFADDDB921AA}.Debug|Any CPU.Build.0 = Debug|Any CPU
		{979BF909-2190-4B4F-86C1-FFADDDB921AA}.Release|Any CPU.ActiveCfg = Release|Any CPU
		{979BF909-2190-4B4F-86C1-FFADDDB921AA}.Release|Any CPU.Build.0 = Release|Any CPU
	EndGlobalSection
	GlobalSection(SolutionProperties) = preSolution
		HideSolutionNode = FALSE
	EndGlobalSection
	GlobalSection(ExtensibilityGlobals) = postSolution
		SolutionGuid = {30F1761A-A287-49C4-9797-1237851497E5}
	EndGlobalSection
EndGlobal
